{
  "name": "verify-glissix",
  "version": "1.0.0",
  "lockfileVersion": 3,
  "requires": true,
  "packages": {
    "": {
      "name": "verify-glissix",
      "version": "1.0.0",
      "dependencies": {
        "glissix": "file:../packages/glissix/glissix-0.1.0.tgz"
      }
    },
    "node_modules/glissix": {
      "version": "0.1.0",
      "resolved": "file:../packages/glissix/glissix-0.1.0.tgz",
      "integrity": "sha512-fxVbytXZZZc4HQTl/IKcVS4+ut40XO1IfaAp+cyyXJKdAKZqwp8aOZ6NiRge/dVao1bMtZIXGXKuiGlcF6aCdQ==",
      "license": "MIT"
    }
  }
}
